
Microsoft Visual Studio Solution File, Format Version 12.00
# Visual Studio Version 17
VisualStudioVersion = 17.4.33205.214
MinimumVisualStudioVersion = 10.0.40219.1
Project("{8BC9CEB8-8B4A-11D0-8D11-00A0C91BC942}") = "Project1", "Project1\Project1.vcxproj", "{A88DDDD7-B61A-4738-8AD8-79EB0D7D3750}"
EndProject
Global
	GlobalSection(SolutionConfigurationPlatforms) = preSolution
		Debug|x64 = Debug|x64
		Debug|x86 = Debug|x86
		Release|x64 = Release|x64
		Release|x86 = Release|x86
	EndGlobalSection
	GlobalSection(ProjectConfigurationPlatforms) = postSolution
		{A88DDDD7-B61A-4738-8AD8-79EB0D7D3750}.Debug|x64.ActiveCfg = Debug|x64
		{A88DDDD7-B61A-4738-8AD8-79EB0D7D3750}.Debug|x64.Build.0 = Debug|x64
		{A88DDDD7-B61A-4738-8AD8-79EB0D7D3750}.Debug|x86.ActiveCfg = Debug|Win32
		{A88DDDD7-B61A-4738-8AD8-79EB0D7D3750}.Debug|x86.Build.0 = Debug|Win32
		{A88DDDD7-B61A-4738-8AD8-79EB0D7D3750}.Release|x64.ActiveCfg = Release|x64
		{A88DDDD7-B61A-4738-8AD8-79EB0D7D3750}.Release|x64.Build.0 = Release|x64
		{A88DDDD7-B61A-4738-8AD8-79EB0D7D3750}.Release|x86.ActiveCfg = Release|Win32
		{A88DDDD7-B61A-4738-8AD8-79EB0D7D3750}.Release|x86.Build.0 = Release|Win32
	EndGlobalSection
	GlobalSection(SolutionProperties) = preSolution
		HideSolutionNode = FALSE
	EndGlobalSection
	GlobalSection(ExtensibilityGlobals) = postSolution
		SolutionGuid = {1D5DE305-1082-4ED0-A93A-40C55221B9AA}
	EndGlobalSection
EndGlobal
